
Microsoft Visual Studio Solution File, Format Version 12.00
# Visual Studio 15
Project("{FAE04EC0-301F-11D3-BF4B-00C04F79EFBC}") = "originalgame.Plugins", "originalgame.Plugins.csproj", "{2CFEDC39-97AC-5748-3F98-49F3AEB69CB0}"
EndProject
Project("{FAE04EC0-301F-11D3-BF4B-00C04F79EFBC}") = "originalgame", "originalgame.csproj", "{A70E52D9-DED7-A0D0-1FB6-5983C61F5469}"
EndProject
Project("{FAE04EC0-301F-11D3-BF4B-00C04F79EFBC}") = "originalgame.Editor.Plugins", "originalgame.Editor.Plugins.csproj", "{B722832C-2EB6-F3ED-4F3C-0D6A2B4A2152}"
EndProject
Global
	GlobalSection(SolutionConfigurationPlatforms) = preSolution
		Debug|Any CPU = Debug|Any CPU
		Release|Any CPU = Release|Any CPU
	EndGlobalSection
	GlobalSection(ProjectConfigurationPlatforms) = postSolution
		{2CFEDC39-97AC-5748-3F98-49F3AEB69CB0}.Debug|Any CPU.ActiveCfg = Debug|Any CPU
		{2CFEDC39-97AC-5748-3F98-49F3AEB69CB0}.Debug|Any CPU.Build.0 = Debug|Any CPU
		{2CFEDC39-97AC-5748-3F98-49F3AEB69CB0}.Release|Any CPU.ActiveCfg = Release|Any CPU
		{2CFEDC39-97AC-5748-3F98-49F3AEB69CB0}.Release|Any CPU.Build.0 = Release|Any CPU
		{A70E52D9-DED7-A0D0-1FB6-5983C61F5469}.Debug|Any CPU.ActiveCfg = Debug|Any CPU
		{A70E52D9-DED7-A0D0-1FB6-5983C61F5469}.Debug|Any CPU.Build.0 = Debug|Any CPU
		{A70E52D9-DED7-A0D0-1FB6-5983C61F5469}.Release|Any CPU.ActiveCfg = Release|Any CPU
		{A70E52D9-DED7-A0D0-1FB6-5983C61F5469}.Release|Any CPU.Build.0 = Release|Any CPU
		{B722832C-2EB6-F3ED-4F3C-0D6A2B4A2152}.Debug|Any CPU.ActiveCfg = Debug|Any CPU
		{B722832C-2EB6-F3ED-4F3C-0D6A2B4A2152}.Debug|Any CPU.Build.0 = Debug|Any CPU
		{B722832C-2EB6-F3ED-4F3C-0D6A2B4A2152}.Release|Any CPU.ActiveCfg = Release|Any CPU
		{B722832C-2EB6-F3ED-4F3C-0D6A2B4A2152}.Release|Any CPU.Build.0 = Release|Any CPU
	EndGlobalSection
	GlobalSection(SolutionProperties) = preSolution
		HideSolutionNode = FALSE
	EndGlobalSection
EndGlobal
